
Microsoft Visual Studio Solution File, Format Version 12.00
# Visual Studio 15
VisualStudioVersion = 15.0.28307.102
MinimumVisualStudioVersion = 10.0.40219.1
Project("{9A19103F-16F7-4668-BE54-9A1E7A4F7556}") = "TodoApi", "TodoApi\TodoApi.csproj", "{C9DAF476-EDD6-40AC-81EF-61C26324DAE7}"
EndProject
Global
	GlobalSection(SolutionConfigurationPlatforms) = preSolution
		Debug|Any CPU = Debug|Any CPU
		Release|Any CPU = Release|Any CPU
	EndGlobalSection
	GlobalSection(ProjectConfigurationPlatforms) = postSolution
		{C9DAF476-EDD6-40AC-81EF-61C26324DAE7}.Debug|Any CPU.ActiveCfg = Debug|Any CPU
		{C9DAF476-EDD6-40AC-81EF-61C26324DAE7}.Debug|Any CPU.Build.0 = Debug|Any CPU
		{C9DAF476-EDD6-40AC-81EF-61C26324DAE7}.Release|Any CPU.ActiveCfg = Release|Any CPU
		{C9DAF476-EDD6-40AC-81EF-61C26324DAE7}.Release|Any CPU.Build.0 = Release|Any CPU
	EndGlobalSection
	GlobalSection(SolutionProperties) = preSolution
		HideSolutionNode = FALSE
	EndGlobalSection
	GlobalSection(ExtensibilityGlobals) = postSolution
		SolutionGuid = {DB5AD2F9-0F47-4EBC-AE6B-953427B43093}
	EndGlobalSection
EndGlobal
